{
  "name": "stock-screener",
  "lockfileVersion": 3,
  "requires": true,
  "packages": {
    "": {
      "dependencies": {
        "chart.js": "^4.5.0",
        "chartjs-chart-financial": "^0.2.1"
      }
    },
    "node_modules/@kurkle/color": {
      "version": "0.3.4",
      "resolved": "https://registry.npmjs.org/@kurkle/color/-/color-0.3.4.tgz",
      "integrity": "sha512-M5UknZPHRu3DEDWoipU6sE8PdkZ6Z/S+v4dD+Ke8IaNlpdSQah50lz1KtcFBa2vsdOnwbbnxJwVM4wty6udA5w==",
      "license": "MIT"
    },
    "node_modules/chart.js": {
      "version": "4.5.0",
      "resolved": "https://registry.npmjs.org/chart.js/-/chart.js-4.5.0.tgz",
      "integrity": "sha512-aYeC/jDgSEx8SHWZvANYMioYMZ2KX02W6f6uVfyteuCGcadDLcYVHdfdygsTQkQ4TKn5lghoojAsPj5pu0SnvQ==",
      "license": "MIT",
      "dependencies": {
        "@kurkle/color": "^0.3.0"
      },
      "engines": {
        "pnpm": ">=8"
      }
    },
    "node_modules/chartjs-chart-financial": {
      "version": "0.2.1",
      "resolved": "https://registry.npmjs.org/chartjs-chart-financial/-/chartjs-chart-financial-0.2.1.tgz",
      "integrity": "sha512-RI3zrszyf2YdW7ME8I5XDsicy6YaU+uA1XZmGddR3rdcQlGf4pSgGFK8O0PWPO5Szdc8wZ8qpns++yib6pWBaw==",
      "license": "MIT",
      "peerDependencies": {
        "chart.js": "^4.0.0"
      }
    }
  }
}
